
Microsoft Visual Studio Solution File, Format Version 12.00
# Visual Studio Version 17
VisualStudioVersion = 17.3.32901.215
MinimumVisualStudioVersion = 10.0.40219.1
Project("{FAE04EC0-301F-11D3-BF4B-00C04F79EFBC}") = "房貸試算器", "房貸試算器\房貸試算器.csproj", "{934BE015-CFBD-443E-A838-DB3F51016700}"
EndProject
Global
	GlobalSection(SolutionConfigurationPlatforms) = preSolution
		Debug|Any CPU = Debug|Any CPU
		Release|Any CPU = Release|Any CPU
	EndGlobalSection
	GlobalSection(ProjectConfigurationPlatforms) = postSolution
		{934BE015-CFBD-443E-A838-DB3F51016700}.Debug|Any CPU.ActiveCfg = Debug|Any CPU
		{934BE015-CFBD-443E-A838-DB3F51016700}.Debug|Any CPU.Build.0 = Debug|Any CPU
		{934BE015-CFBD-443E-A838-DB3F51016700}.Release|Any CPU.ActiveCfg = Release|Any CPU
		{934BE015-CFBD-443E-A838-DB3F51016700}.Release|Any CPU.Build.0 = Release|Any CPU
	EndGlobalSection
	GlobalSection(SolutionProperties) = preSolution
		HideSolutionNode = FALSE
	EndGlobalSection
	GlobalSection(ExtensibilityGlobals) = postSolution
		SolutionGuid = {EF061992-55F0-4DA7-9ECD-26403455A675}
	EndGlobalSection
EndGlobal
